
Microsoft Visual Studio Solution File, Format Version 12.00
# Visual Studio Version 17
VisualStudioVersion = 17.4.33213.308
MinimumVisualStudioVersion = 10.0.40219.1
Project("{FAE04EC0-301F-11D3-BF4B-00C04F79EFBC}") = "PetClinicManagement", "PetClinicManagement\PetClinicManagement.csproj", "{404EFB0C-3741-462F-A69F-72D6ACB436F8}"
EndProject
Global
	GlobalSection(SolutionConfigurationPlatforms) = preSolution
		Debug|Any CPU = Debug|Any CPU
		Release|Any CPU = Release|Any CPU
	EndGlobalSection
	GlobalSection(ProjectConfigurationPlatforms) = postSolution
		{404EFB0C-3741-462F-A69F-72D6ACB436F8}.Debug|Any CPU.ActiveCfg = Debug|Any CPU
		{404EFB0C-3741-462F-A69F-72D6ACB436F8}.Debug|Any CPU.Build.0 = Debug|Any CPU
		{404EFB0C-3741-462F-A69F-72D6ACB436F8}.Release|Any CPU.ActiveCfg = Release|Any CPU
		{404EFB0C-3741-462F-A69F-72D6ACB436F8}.Release|Any CPU.Build.0 = Release|Any CPU
	EndGlobalSection
	GlobalSection(SolutionProperties) = preSolution
		HideSolutionNode = FALSE
	EndGlobalSection
	GlobalSection(ExtensibilityGlobals) = postSolution
		SolutionGuid = {C59CCA87-B62D-469C-8768-D1C0D233E875}
	EndGlobalSection
EndGlobal
